
Microsoft Visual Studio Solution File, Format Version 12.00
# Visual Studio Version 16
VisualStudioVersion = 25.0.1704.4
MinimumVisualStudioVersion = 10.0.40219.1
Project("{FAE04EC0-301F-11D3-BF4B-00C04F79EFBC}") = "Demo", "Demo.csproj", "{EE6BE397-0C11-400C-A63D-757540106085}"
EndProject
Global
	GlobalSection(SolutionConfigurationPlatforms) = preSolution
		Debug|Any CPU = Debug|Any CPU
		Release|Any CPU = Release|Any CPU
	EndGlobalSection
	GlobalSection(ProjectConfigurationPlatforms) = postSolution
		{EE6BE397-0C11-400C-A63D-757540106085}.Debug|Any CPU.ActiveCfg = Debug|Any CPU
		{EE6BE397-0C11-400C-A63D-757540106085}.Debug|Any CPU.Build.0 = Debug|Any CPU
		{EE6BE397-0C11-400C-A63D-757540106085}.Release|Any CPU.ActiveCfg = Release|Any CPU
		{EE6BE397-0C11-400C-A63D-757540106085}.Release|Any CPU.Build.0 = Release|Any CPU
	EndGlobalSection
	GlobalSection(SolutionProperties) = preSolution
		HideSolutionNode = FALSE
	EndGlobalSection
	GlobalSection(ExtensibilityGlobals) = postSolution
		SolutionGuid = {3C2B16BD-28B7-477A-91A0-15D92F4A1206}
	EndGlobalSection
EndGlobal
